// !$*UTF8*$!
{
	archiveVersion = 1;
	classes = {
	};
	objectVersion = 52;
	objects = {

/* Begin PBXBuildFile section */
		FA03198B26E31AB000AA5D9F /* FeedCachePolicy.swift in Sources */ = {isa = PBXBuildFile; fileRef = FA03198A26E31AB000AA5D9F /* FeedCachePolicy.swift */; };
		FA078B5E27095CB300A3FB5B /* FeedViewControllerTests.swift in Sources */ = {isa = PBXBuildFile; fileRef = FA078B5D27095CB300A3FB5B /* FeedViewControllerTests.swift */; };
		FA1C53DE2596EF9800DC9E04 /* HTTPClient.swift in Sources */ = {isa = PBXBuildFile; fileRef = FA1C53DD2596EF9800DC9E04 /* HTTPClient.swift */; };
		FA2B6D6E26FD727E0056BB76 /* XCTestCase+FeedStoreSpecs.swift in Sources */ = {isa = PBXBuildFile; fileRef = FA2B6D6D26FD727E0056BB76 /* XCTestCase+FeedStoreSpecs.swift */; };
		FA2B6D7026FD81490056BB76 /* XCTestCase+FailableRetrieveFeedStoreSpecs.swift in Sources */ = {isa = PBXBuildFile; fileRef = FA2B6D6F26FD81490056BB76 /* XCTestCase+FailableRetrieveFeedStoreSpecs.swift */; };
		FA2B6D7226FD82C40056BB76 /* XCTestCase+FailableInsertFeedStoreSpecs.swift in Sources */ = {isa = PBXBuildFile; fileRef = FA2B6D7126FD82C40056BB76 /* XCTestCase+FailableInsertFeedStoreSpecs.swift */; };
		FA2B6D7426FD83C00056BB76 /* XCTestCase+FailableDeleteFeedStoreSpecs.swift in Sources */ = {isa = PBXBuildFile; fileRef = FA2B6D7326FD83C00056BB76 /* XCTestCase+FailableDeleteFeedStoreSpecs.swift */; };
		FA2E625126FC181A00E0BF1A /* FeedStoreSpecs.swift in Sources */ = {isa = PBXBuildFile; fileRef = FA2E625026FC181A00E0BF1A /* FeedStoreSpecs.swift */; };
		FA37B14D25DB733E00E21A4A /* CacheFeedUseCaseTests.swift in Sources */ = {isa = PBXBuildFile; fileRef = FA37B14C25DB733E00E21A4A /* CacheFeedUseCaseTests.swift */; };
		FA41FFE326DC14DA00A8940A /* ValidateFeedCacheUseCaseTest.swift in Sources */ = {isa = PBXBuildFile; fileRef = FA41FFE226DC14DA00A8940A /* ValidateFeedCacheUseCaseTest.swift */; };
		FA41FFE526DC32A700A8940A /* FeedCacheTestHelpers.swift in Sources */ = {isa = PBXBuildFile; fileRef = FA41FFE426DC32A700A8940A /* FeedCacheTestHelpers.swift */; };
		FA41FFE726DC35A400A8940A /* SharedTestHelpers.swift in Sources */ = {isa = PBXBuildFile; fileRef = FA41FFE626DC35A400A8940A /* SharedTestHelpers.swift */; };
		FA5EE073270CED6600F10642 /* FeedViewController.swift in Sources */ = {isa = PBXBuildFile; fileRef = FA5EE072270CED6600F10642 /* FeedViewController.swift */; };
		FA799484270AAA9800A7C870 /* EssentialFeed.framework in Frameworks */ = {isa = PBXBuildFile; fileRef = FAF7179F258EB2B0005F9242 /* EssentialFeed.framework */; platformFilter = ios; };
		FA799485270AAA9800A7C870 /* EssentialFeed.framework in Embed Frameworks */ = {isa = PBXBuildFile; fileRef = FAF7179F258EB2B0005F9242 /* EssentialFeed.framework */; platformFilter = ios; settings = {ATTRIBUTES = (CodeSignOnCopy, RemoveHeadersOnCopy, ); }; };
		FA799489270AAE1900A7C870 /* XCTestsCase+MemoryLeakTracking.swift in Sources */ = {isa = PBXBuildFile; fileRef = FA9ACE0F25A6A02500532EAC /* XCTestsCase+MemoryLeakTracking.swift */; };
		FA835EC927123CAD008FD29D /* UIView+Shimmering.swift in Sources */ = {isa = PBXBuildFile; fileRef = FA835EC827123CAD008FD29D /* UIView+Shimmering.swift */; };
		FA8684D12596F4B20097FBF8 /* FeedItemsMapper.swift in Sources */ = {isa = PBXBuildFile; fileRef = FA8684D02596F4B20097FBF8 /* FeedItemsMapper.swift */; };
		FA8EA92527033E85007920A9 /* EssentialFeedCacheIntegrationTests.swift in Sources */ = {isa = PBXBuildFile; fileRef = FA8EA92427033E85007920A9 /* EssentialFeedCacheIntegrationTests.swift */; };
		FA8EA92627033E85007920A9 /* EssentialFeed.framework in Frameworks */ = {isa = PBXBuildFile; fileRef = FAF7179F258EB2B0005F9242 /* EssentialFeed.framework */; };
		FA9120A92713CBE2004CE09C /* UIImage+TestHelpers.swift in Sources */ = {isa = PBXBuildFile; fileRef = FA9120A82713CBE2004CE09C /* UIImage+TestHelpers.swift */; };
		FA9120AB2713CCB2004CE09C /* UIRefreshControl+TestHelpers.swift in Sources */ = {isa = PBXBuildFile; fileRef = FA9120AA2713CCB2004CE09C /* UIRefreshControl+TestHelpers.swift */; };
		FA9333FA271131FA003E2E8D /* FeedImageCell.swift in Sources */ = {isa = PBXBuildFile; fileRef = FA9333F9271131FA003E2E8D /* FeedImageCell.swift */; };
		FA9ACDF525A13ED700532EAC /* URLSessionHTTPClientTests.swift in Sources */ = {isa = PBXBuildFile; fileRef = FA9ACDF425A13ED700532EAC /* URLSessionHTTPClientTests.swift */; };
		FA9ACE1025A6A02500532EAC /* XCTestsCase+MemoryLeakTracking.swift in Sources */ = {isa = PBXBuildFile; fileRef = FA9ACE0F25A6A02500532EAC /* XCTestsCase+MemoryLeakTracking.swift */; };
		FA9ACE4125AA6CF800532EAC /* URLSessionHTTPClient.swift in Sources */ = {isa = PBXBuildFile; fileRef = FA9ACE4025AA6CF800532EAC /* URLSessionHTTPClient.swift */; };
		FA9ACE7A25B5C86700532EAC /* EssentialFeedAPIEndToEndTests.swift in Sources */ = {isa = PBXBuildFile; fileRef = FA9ACE7925B5C86700532EAC /* EssentialFeedAPIEndToEndTests.swift */; };
		FA9ACE7C25B5C86700532EAC /* EssentialFeed.framework in Frameworks */ = {isa = PBXBuildFile; fileRef = FAF7179F258EB2B0005F9242 /* EssentialFeed.framework */; };
		FAB5703E25DEA293002B1A28 /* LocalFeedLoader.swift in Sources */ = {isa = PBXBuildFile; fileRef = FAB5703D25DEA293002B1A28 /* LocalFeedLoader.swift */; };
		FAB5704625DEA3AA002B1A28 /* FeedStore.swift in Sources */ = {isa = PBXBuildFile; fileRef = FAB5704525DEA3AA002B1A28 /* FeedStore.swift */; };
		FAB5704B25E32570002B1A28 /* RemoteFeedItem.swift in Sources */ = {isa = PBXBuildFile; fileRef = FAB5704A25E32570002B1A28 /* RemoteFeedItem.swift */; };
		FAB5705325E325E7002B1A28 /* LocalFeedImage.swift in Sources */ = {isa = PBXBuildFile; fileRef = FAB5705225E325E7002B1A28 /* LocalFeedImage.swift */; };
		FAB5706125E3643F002B1A28 /* LoadFeedFromCacheUseCaseTests.swift in Sources */ = {isa = PBXBuildFile; fileRef = FAB5706025E3643F002B1A28 /* LoadFeedFromCacheUseCaseTests.swift */; };
		FAB5706725E3EE2C002B1A28 /* FeedStoreSpy.swift in Sources */ = {isa = PBXBuildFile; fileRef = FAB5706625E3EE2C002B1A28 /* FeedStoreSpy.swift */; };
		FAB6B1122704CD1F009F2693 /* FeedCacheTestHelpers.swift in Sources */ = {isa = PBXBuildFile; fileRef = FA41FFE426DC32A700A8940A /* FeedCacheTestHelpers.swift */; };
		FAB6B1132704CD36009F2693 /* SharedTestHelpers.swift in Sources */ = {isa = PBXBuildFile; fileRef = FA41FFE626DC35A400A8940A /* SharedTestHelpers.swift */; };
		FABBB1B027014AC500BA4259 /* CoreDataFeedStoreTests.swift in Sources */ = {isa = PBXBuildFile; fileRef = FABBB1AF27014AC500BA4259 /* CoreDataFeedStoreTests.swift */; };
		FABBB1B227014CB800BA4259 /* CoreDataFeedStore.swift in Sources */ = {isa = PBXBuildFile; fileRef = FABBB1B127014CB800BA4259 /* CoreDataFeedStore.swift */; };
		FABBB1B52701502200BA4259 /* FeedStore.xcdatamodeld in Sources */ = {isa = PBXBuildFile; fileRef = FABBB1B32701502200BA4259 /* FeedStore.xcdatamodeld */; };
		FAD5411E2703EB6C00EA24CB /* XCTestsCase+MemoryLeakTracking.swift in Sources */ = {isa = PBXBuildFile; fileRef = FA9ACE0F25A6A02500532EAC /* XCTestsCase+MemoryLeakTracking.swift */; };
		FAEBAF0525C056B90093916C /* XCTestsCase+MemoryLeakTracking.swift in Sources */ = {isa = PBXBuildFile; fileRef = FA9ACE0F25A6A02500532EAC /* XCTestsCase+MemoryLeakTracking.swift */; };
		FAECF61A2707F107009F4CF5 /* EssentialFeediOS.framework in Frameworks */ = {isa = PBXBuildFile; fileRef = FAECF6122707F106009F4CF5 /* EssentialFeediOS.framework */; };
		FAF2E5562702B84700CCF882 /* CoreDataHelpers.swift in Sources */ = {isa = PBXBuildFile; fileRef = FAF2E5552702B84700CCF882 /* CoreDataHelpers.swift */; };
		FAF2E5582702B90F00CCF882 /* ManagedCache.swift in Sources */ = {isa = PBXBuildFile; fileRef = FAF2E5572702B90F00CCF882 /* ManagedCache.swift */; };
		FAF2E55A2702B96A00CCF882 /* ManagedFeedImage.swift in Sources */ = {isa = PBXBuildFile; fileRef = FAF2E5592702B96A00CCF882 /* ManagedFeedImage.swift */; };
		FAF717AD258EB303005F9242 /* FeedImage.swift in Sources */ = {isa = PBXBuildFile; fileRef = FAF717AC258EB303005F9242 /* FeedImage.swift */; };
		FAF717B0258EB494005F9242 /* FeedLoader.swift in Sources */ = {isa = PBXBuildFile; fileRef = FAF717AF258EB494005F9242 /* FeedLoader.swift */; };
		FAF717BD258EBEFF005F9242 /* EssentialFeed.framework in Frameworks */ = {isa = PBXBuildFile; fileRef = FAF7179F258EB2B0005F9242 /* EssentialFeed.framework */; };
		FAF717C8258ED17D005F9242 /* LoadFeedFromRemoteUseCaseTests.swift in Sources */ = {isa = PBXBuildFile; fileRef = FAF717C7258ED17D005F9242 /* LoadFeedFromRemoteUseCaseTests.swift */; };
		FAF717CD258FCD8C005F9242 /* RemoteFeedLoader.swift in Sources */ = {isa = PBXBuildFile; fileRef = FAF717CC258FCD8C005F9242 /* RemoteFeedLoader.swift */; };
/* End PBXBuildFile section */

/* Begin PBXContainerItemProxy section */
		FA799486270AAA9800A7C870 /* PBXContainerItemProxy */ = {
			isa = PBXContainerItemProxy;
			containerPortal = FAF71796258EB2B0005F9242 /* Project object */;
			proxyType = 1;
			remoteGlobalIDString = FAF7179E258EB2B0005F9242;
			remoteInfo = EssentialFeed;
		};
		FA8EA92727033E85007920A9 /* PBXContainerItemProxy */ = {
			isa = PBXContainerItemProxy;
			containerPortal = FAF71796258EB2B0005F9242 /* Project object */;
			proxyType = 1;
			remoteGlobalIDString = FAF7179E258EB2B0005F9242;
			remoteInfo = EssentialFeed;
		};
		FA9ACE7D25B5C86700532EAC /* PBXContainerItemProxy */ = {
			isa = PBXContainerItemProxy;
			containerPortal = FAF71796258EB2B0005F9242 /* Project object */;
			proxyType = 1;
			remoteGlobalIDString = FAF7179E258EB2B0005F9242;
			remoteInfo = EssentialFeed;
		};
		FAECF61B2707F107009F4CF5 /* PBXContainerItemProxy */ = {
			isa = PBXContainerItemProxy;
			containerPortal = FAF71796258EB2B0005F9242 /* Project object */;
			proxyType = 1;
			remoteGlobalIDString = FAECF6112707F106009F4CF5;
			remoteInfo = EssentialFeediOS;
		};
		FAF717BE258EBEFF005F9242 /* PBXContainerItemProxy */ = {
			isa = PBXContainerItemProxy;
			containerPortal = FAF71796258EB2B0005F9242 /* Project object */;
			proxyType = 1;
			remoteGlobalIDString = FAF7179E258EB2B0005F9242;
			remoteInfo = EssentialFeed;
		};
/* End PBXContainerItemProxy section */

/* Begin PBXCopyFilesBuildPhase section */
		FA799488270AAA9800A7C870 /* Embed Frameworks */ = {
			isa = PBXCopyFilesBuildPhase;
			buildActionMask = 2147483647;
			dstPath = "";
			dstSubfolderSpec = 10;
			files = (
				FA799485270AAA9800A7C870 /* EssentialFeed.framework in Embed Frameworks */,
			);
			name = "Embed Frameworks";
			runOnlyForDeploymentPostprocessing = 0;
		};
/* End PBXCopyFilesBuildPhase section */

/* Begin PBXFileReference section */
		FA03198A26E31AB000AA5D9F /* FeedCachePolicy.swift */ = {isa = PBXFileReference; lastKnownFileType = sourcecode.swift; path = FeedCachePolicy.swift; sourceTree = "<group>"; };
		FA078B5D27095CB300A3FB5B /* FeedViewControllerTests.swift */ = {isa = PBXFileReference; lastKnownFileType = sourcecode.swift; path = FeedViewControllerTests.swift; sourceTree = "<group>"; };
		FA1C53DD2596EF9800DC9E04 /* HTTPClient.swift */ = {isa = PBXFileReference; lastKnownFileType = sourcecode.swift; path = HTTPClient.swift; sourceTree = "<group>"; };
		FA2B6D6D26FD727E0056BB76 /* XCTestCase+FeedStoreSpecs.swift */ = {isa = PBXFileReference; lastKnownFileType = sourcecode.swift; path = "XCTestCase+FeedStoreSpecs.swift"; sourceTree = "<group>"; };
		FA2B6D6F26FD81490056BB76 /* XCTestCase+FailableRetrieveFeedStoreSpecs.swift */ = {isa = PBXFileReference; lastKnownFileType = sourcecode.swift; path = "XCTestCase+FailableRetrieveFeedStoreSpecs.swift"; sourceTree = "<group>"; };
		FA2B6D7126FD82C40056BB76 /* XCTestCase+FailableInsertFeedStoreSpecs.swift */ = {isa = PBXFileReference; lastKnownFileType = sourcecode.swift; path = "XCTestCase+FailableInsertFeedStoreSpecs.swift"; sourceTree = "<group>"; };
		FA2B6D7326FD83C00056BB76 /* XCTestCase+FailableDeleteFeedStoreSpecs.swift */ = {isa = PBXFileReference; lastKnownFileType = sourcecode.swift; path = "XCTestCase+FailableDeleteFeedStoreSpecs.swift"; sourceTree = "<group>"; };
		FA2E625026FC181A00E0BF1A /* FeedStoreSpecs.swift */ = {isa = PBXFileReference; lastKnownFileType = sourcecode.swift; path = FeedStoreSpecs.swift; sourceTree = "<group>"; };
		FA37B14C25DB733E00E21A4A /* CacheFeedUseCaseTests.swift */ = {isa = PBXFileReference; lastKnownFileType = sourcecode.swift; path = CacheFeedUseCaseTests.swift; sourceTree = "<group>"; };
		FA41FFE226DC14DA00A8940A /* ValidateFeedCacheUseCaseTest.swift */ = {isa = PBXFileReference; lastKnownFileType = sourcecode.swift; path = ValidateFeedCacheUseCaseTest.swift; sourceTree = "<group>"; };
		FA41FFE426DC32A700A8940A /* FeedCacheTestHelpers.swift */ = {isa = PBXFileReference; lastKnownFileType = sourcecode.swift; path = FeedCacheTestHelpers.swift; sourceTree = "<group>"; };
		FA41FFE626DC35A400A8940A /* SharedTestHelpers.swift */ = {isa = PBXFileReference; lastKnownFileType = sourcecode.swift; path = SharedTestHelpers.swift; sourceTree = "<group>"; };
		FA5EE072270CED6600F10642 /* FeedViewController.swift */ = {isa = PBXFileReference; lastKnownFileType = sourcecode.swift; path = FeedViewController.swift; sourceTree = "<group>"; };
		FA835EC827123CAD008FD29D /* UIView+Shimmering.swift */ = {isa = PBXFileReference; lastKnownFileType = sourcecode.swift; path = "UIView+Shimmering.swift"; sourceTree = "<group>"; };
		FA8684D02596F4B20097FBF8 /* FeedItemsMapper.swift */ = {isa = PBXFileReference; lastKnownFileType = sourcecode.swift; path = FeedItemsMapper.swift; sourceTree = "<group>"; };
		FA8EA92227033E85007920A9 /* EssentialFeedCacheIntegrationTests.xctest */ = {isa = PBXFileReference; explicitFileType = wrapper.cfbundle; includeInIndex = 0; path = EssentialFeedCacheIntegrationTests.xctest; sourceTree = BUILT_PRODUCTS_DIR; };
		FA8EA92427033E85007920A9 /* EssentialFeedCacheIntegrationTests.swift */ = {isa = PBXFileReference; lastKnownFileType = sourcecode.swift; path = EssentialFeedCacheIntegrationTests.swift; sourceTree = "<group>"; };
		FA9120A82713CBE2004CE09C /* UIImage+TestHelpers.swift */ = {isa = PBXFileReference; lastKnownFileType = sourcecode.swift; path = "UIImage+TestHelpers.swift"; sourceTree = "<group>"; };
		FA9120AA2713CCB2004CE09C /* UIRefreshControl+TestHelpers.swift */ = {isa = PBXFileReference; lastKnownFileType = sourcecode.swift; path = "UIRefreshControl+TestHelpers.swift"; sourceTree = "<group>"; };
		FA9333F9271131FA003E2E8D /* FeedImageCell.swift */ = {isa = PBXFileReference; lastKnownFileType = sourcecode.swift; path = FeedImageCell.swift; sourceTree = "<group>"; };
		FA9ACDF425A13ED700532EAC /* URLSessionHTTPClientTests.swift */ = {isa = PBXFileReference; lastKnownFileType = sourcecode.swift; path = URLSessionHTTPClientTests.swift; sourceTree = "<group>"; };
		FA9ACE0F25A6A02500532EAC /* XCTestsCase+MemoryLeakTracking.swift */ = {isa = PBXFileReference; lastKnownFileType = sourcecode.swift; path = "XCTestsCase+MemoryLeakTracking.swift"; sourceTree = "<group>"; };
		FA9ACE4025AA6CF800532EAC /* URLSessionHTTPClient.swift */ = {isa = PBXFileReference; lastKnownFileType = sourcecode.swift; path = URLSessionHTTPClient.swift; sourceTree = "<group>"; };
		FA9ACE7725B5C86700532EAC /* EssentialFeedAPIEndToEndTests.xctest */ = {isa = PBXFileReference; explicitFileType = wrapper.cfbundle; includeInIndex = 0; path = EssentialFeedAPIEndToEndTests.xctest; sourceTree = BUILT_PRODUCTS_DIR; };
		FA9ACE7925B5C86700532EAC /* EssentialFeedAPIEndToEndTests.swift */ = {isa = PBXFileReference; lastKnownFileType = sourcecode.swift; path = EssentialFeedAPIEndToEndTests.swift; sourceTree = "<group>"; };
		FA9ACE7B25B5C86700532EAC /* Info.plist */ = {isa = PBXFileReference; lastKnownFileType = text.plist.xml; path = Info.plist; sourceTree = "<group>"; };
		FAB5703D25DEA293002B1A28 /* LocalFeedLoader.swift */ = {isa = PBXFileReference; lastKnownFileType = sourcecode.swift; path = LocalFeedLoader.swift; sourceTree = "<group>"; };
		FAB5704525DEA3AA002B1A28 /* FeedStore.swift */ = {isa = PBXFileReference; lastKnownFileType = sourcecode.swift; path = FeedStore.swift; sourceTree = "<group>"; };
		FAB5704A25E32570002B1A28 /* RemoteFeedItem.swift */ = {isa = PBXFileReference; lastKnownFileType = sourcecode.swift; path = RemoteFeedItem.swift; sourceTree = "<group>"; };
		FAB5705225E325E7002B1A28 /* LocalFeedImage.swift */ = {isa = PBXFileReference; lastKnownFileType = sourcecode.swift; path = LocalFeedImage.swift; sourceTree = "<group>"; };
		FAB5706025E3643F002B1A28 /* LoadFeedFromCacheUseCaseTests.swift */ = {isa = PBXFileReference; lastKnownFileType = sourcecode.swift; path = LoadFeedFromCacheUseCaseTests.swift; sourceTree = "<group>"; };
		FAB5706625E3EE2C002B1A28 /* FeedStoreSpy.swift */ = {isa = PBXFileReference; lastKnownFileType = sourcecode.swift; path = FeedStoreSpy.swift; sourceTree = "<group>"; };
		FABBB1AF27014AC500BA4259 /* CoreDataFeedStoreTests.swift */ = {isa = PBXFileReference; lastKnownFileType = sourcecode.swift; path = CoreDataFeedStoreTests.swift; sourceTree = "<group>"; };
		FABBB1B127014CB800BA4259 /* CoreDataFeedStore.swift */ = {isa = PBXFileReference; lastKnownFileType = sourcecode.swift; path = CoreDataFeedStore.swift; sourceTree = "<group>"; };
		FABBB1B42701502200BA4259 /* FeedStore.xcdatamodel */ = {isa = PBXFileReference; lastKnownFileType = wrapper.xcdatamodel; path = FeedStore.xcdatamodel; sourceTree = "<group>"; };
		FAECF6122707F106009F4CF5 /* EssentialFeediOS.framework */ = {isa = PBXFileReference; explicitFileType = wrapper.framework; includeInIndex = 0; path = EssentialFeediOS.framework; sourceTree = BUILT_PRODUCTS_DIR; };
		FAECF6192707F107009F4CF5 /* EssentialFeediOSTests.xctest */ = {isa = PBXFileReference; explicitFileType = wrapper.cfbundle; includeInIndex = 0; path = EssentialFeediOSTests.xctest; sourceTree = BUILT_PRODUCTS_DIR; };
		FAF2E5552702B84700CCF882 /* CoreDataHelpers.swift */ = {isa = PBXFileReference; lastKnownFileType = sourcecode.swift; path = CoreDataHelpers.swift; sourceTree = "<group>"; };
		FAF2E5572702B90F00CCF882 /* ManagedCache.swift */ = {isa = PBXFileReference; lastKnownFileType = sourcecode.swift; path = ManagedCache.swift; sourceTree = "<group>"; };
		FAF2E5592702B96A00CCF882 /* ManagedFeedImage.swift */ = {isa = PBXFileReference; lastKnownFileType = sourcecode.swift; path = ManagedFeedImage.swift; sourceTree = "<group>"; };
		FAF7179F258EB2B0005F9242 /* EssentialFeed.framework */ = {isa = PBXFileReference; explicitFileType = wrapper.framework; includeInIndex = 0; path = EssentialFeed.framework; sourceTree = BUILT_PRODUCTS_DIR; };
		FAF717A3258EB2B0005F9242 /* Info.plist */ = {isa = PBXFileReference; lastKnownFileType = text.plist.xml; path = Info.plist; sourceTree = "<group>"; };
		FAF717AC258EB303005F9242 /* FeedImage.swift */ = {isa = PBXFileReference; lastKnownFileType = sourcecode.swift; path = FeedImage.swift; sourceTree = "<group>"; };
		FAF717AF258EB494005F9242 /* FeedLoader.swift */ = {isa = PBXFileReference; lastKnownFileType = sourcecode.swift; path = FeedLoader.swift; sourceTree = "<group>"; };
		FAF717B8258EBEFF005F9242 /* EssentialFeedTests.xctest */ = {isa = PBXFileReference; explicitFileType = wrapper.cfbundle; includeInIndex = 0; path = EssentialFeedTests.xctest; sourceTree = BUILT_PRODUCTS_DIR; };
		FAF717BC258EBEFF005F9242 /* Info.plist */ = {isa = PBXFileReference; lastKnownFileType = text.plist.xml; path = Info.plist; sourceTree = "<group>"; };
		FAF717C7258ED17D005F9242 /* LoadFeedFromRemoteUseCaseTests.swift */ = {isa = PBXFileReference; lastKnownFileType = sourcecode.swift; path = LoadFeedFromRemoteUseCaseTests.swift; sourceTree = "<group>"; };
		FAF717CC258FCD8C005F9242 /* RemoteFeedLoader.swift */ = {isa = PBXFileReference; lastKnownFileType = sourcecode.swift; path = RemoteFeedLoader.swift; sourceTree = "<group>"; };
/* End PBXFileReference section */

/* Begin PBXFrameworksBuildPhase section */
		FA8EA91F27033E85007920A9 /* Frameworks */ = {
			isa = PBXFrameworksBuildPhase;
			buildActionMask = 2147483647;
			files = (
				FA8EA92627033E85007920A9 /* EssentialFeed.framework in Frameworks */,
			);
			runOnlyForDeploymentPostprocessing = 0;
		};
		FA9ACE7425B5C86700532EAC /* Frameworks */ = {
			isa = PBXFrameworksBuildPhase;
			buildActionMask = 2147483647;
			files = (
				FA9ACE7C25B5C86700532EAC /* EssentialFeed.framework in Frameworks */,
			);
			runOnlyForDeploymentPostprocessing = 0;
		};
		FAECF60F2707F106009F4CF5 /* Frameworks */ = {
			isa = PBXFrameworksBuildPhase;
			buildActionMask = 2147483647;
			files = (
				FA799484270AAA9800A7C870 /* EssentialFeed.framework in Frameworks */,
			);
			runOnlyForDeploymentPostprocessing = 0;
		};
		FAECF6162707F107009F4CF5 /* Frameworks */ = {
			isa = PBXFrameworksBuildPhase;
			buildActionMask = 2147483647;
			files = (
				FAECF61A2707F107009F4CF5 /* EssentialFeediOS.framework in Frameworks */,
			);
			runOnlyForDeploymentPostprocessing = 0;
		};
		FAF7179C258EB2B0005F9242 /* Frameworks */ = {
			isa = PBXFrameworksBuildPhase;
			buildActionMask = 2147483647;
			files = (
			);
			runOnlyForDeploymentPostprocessing = 0;
		};
		FAF717B5258EBEFF005F9242 /* Frameworks */ = {
			isa = PBXFrameworksBuildPhase;
			buildActionMask = 2147483647;
			files = (
				FAF717BD258EBEFF005F9242 /* EssentialFeed.framework in Frameworks */,
			);
			runOnlyForDeploymentPostprocessing = 0;
		};
/* End PBXFrameworksBuildPhase section */

/* Begin PBXGroup section */
		FA2B6D7526FD84980056BB76 /* FeedStoreSpecs */ = {
			isa = PBXGroup;
			children = (
				FA2E625026FC181A00E0BF1A /* FeedStoreSpecs.swift */,
				FA2B6D7326FD83C00056BB76 /* XCTestCase+FailableDeleteFeedStoreSpecs.swift */,
				FA2B6D7126FD82C40056BB76 /* XCTestCase+FailableInsertFeedStoreSpecs.swift */,
				FA2B6D6F26FD81490056BB76 /* XCTestCase+FailableRetrieveFeedStoreSpecs.swift */,
				FA2B6D6D26FD727E0056BB76 /* XCTestCase+FeedStoreSpecs.swift */,
			);
			path = FeedStoreSpecs;
			sourceTree = "<group>";
		};
		FA37B14B25DB72CF00E21A4A /* Feed Cache */ = {
			isa = PBXGroup;
			children = (
				FA37B14C25DB733E00E21A4A /* CacheFeedUseCaseTests.swift */,
				FABBB1AF27014AC500BA4259 /* CoreDataFeedStoreTests.swift */,
				FAB5706025E3643F002B1A28 /* LoadFeedFromCacheUseCaseTests.swift */,
				FA41FFE226DC14DA00A8940A /* ValidateFeedCacheUseCaseTest.swift */,
				FA2B6D7526FD84980056BB76 /* FeedStoreSpecs */,
				FAB5706525E3EE0A002B1A28 /* Helpers */,
			);
			path = "Feed Cache";
			sourceTree = "<group>";
		};
		FA799483270AAA9800A7C870 /* Frameworks */ = {
			isa = PBXGroup;
			children = (
			);
			name = Frameworks;
			sourceTree = "<group>";
		};
		FA8EA92327033E85007920A9 /* EssentialFeedCacheIntegrationTests */ = {
			isa = PBXGroup;
			children = (
				FA8EA92427033E85007920A9 /* EssentialFeedCacheIntegrationTests.swift */,
			);
			path = EssentialFeedCacheIntegrationTests;
			sourceTree = "<group>";
		};
		FA9120A72713CB8B004CE09C /* Helpers */ = {
			isa = PBXGroup;
			children = (
				FA9120A82713CBE2004CE09C /* UIImage+TestHelpers.swift */,
				FA9120AA2713CCB2004CE09C /* UIRefreshControl+TestHelpers.swift */,
			);
			path = Helpers;
			sourceTree = "<group>";
		};
		FA9ACE0E25A69FDC00532EAC /* Helpers */ = {
			isa = PBXGroup;
			children = (
				FA9ACE0F25A6A02500532EAC /* XCTestsCase+MemoryLeakTracking.swift */,
				FA41FFE626DC35A400A8940A /* SharedTestHelpers.swift */,
			);
			path = Helpers;
			sourceTree = "<group>";
		};
		FA9ACE7825B5C86700532EAC /* EssentialFeedAPIEndToEndTests */ = {
			isa = PBXGroup;
			children = (
				FA9ACE7B25B5C86700532EAC /* Info.plist */,
				FA9ACE7925B5C86700532EAC /* EssentialFeedAPIEndToEndTests.swift */,
			);
			path = EssentialFeedAPIEndToEndTests;
			sourceTree = "<group>";
		};
		FAB5703C25DEA25E002B1A28 /* Feed Cache */ = {
			isa = PBXGroup;
			children = (
				FA03198A26E31AB000AA5D9F /* FeedCachePolicy.swift */,
				FAB5704525DEA3AA002B1A28 /* FeedStore.swift */,
				FAB5705225E325E7002B1A28 /* LocalFeedImage.swift */,
				FAB5703D25DEA293002B1A28 /* LocalFeedLoader.swift */,
				FAF2E5522702B6F000CCF882 /* Infrastructure */,
			);
			path = "Feed Cache";
			sourceTree = "<group>";
		};
		FAB5706525E3EE0A002B1A28 /* Helpers */ = {
			isa = PBXGroup;
			children = (
				FAB5706625E3EE2C002B1A28 /* FeedStoreSpy.swift */,
				FA41FFE426DC32A700A8940A /* FeedCacheTestHelpers.swift */,
			);
			path = Helpers;
			sourceTree = "<group>";
		};
		FAECF6132707F107009F4CF5 /* EssentialFeediOS */ = {
			isa = PBXGroup;
			children = (
				FA5EE072270CED6600F10642 /* FeedViewController.swift */,
				FA9333F9271131FA003E2E8D /* FeedImageCell.swift */,
				FA835EC827123CAD008FD29D /* UIView+Shimmering.swift */,
			);
			path = EssentialFeediOS;
			sourceTree = "<group>";
		};
		FAECF61D2707F107009F4CF5 /* EssentialFeediOSTests */ = {
			isa = PBXGroup;
			children = (
				FA078B5D27095CB300A3FB5B /* FeedViewControllerTests.swift */,
				FA9120A72713CB8B004CE09C /* Helpers */,
			);
			path = EssentialFeediOSTests;
			sourceTree = "<group>";
		};
		FAF2E5522702B6F000CCF882 /* Infrastructure */ = {
			isa = PBXGroup;
			children = (
				FAF2E5532702B70D00CCF882 /* CoreData */,
			);
			path = Infrastructure;
			sourceTree = "<group>";
		};
		FAF2E5532702B70D00CCF882 /* CoreData */ = {
			isa = PBXGroup;
			children = (
				FABBB1B127014CB800BA4259 /* CoreDataFeedStore.swift */,
				FAF2E5552702B84700CCF882 /* CoreDataHelpers.swift */,
				FAF2E5572702B90F00CCF882 /* ManagedCache.swift */,
				FAF2E5592702B96A00CCF882 /* ManagedFeedImage.swift */,
				FABBB1B32701502200BA4259 /* FeedStore.xcdatamodeld */,
			);
			path = CoreData;
			sourceTree = "<group>";
		};
		FAF71795258EB2B0005F9242 = {
			isa = PBXGroup;
			children = (
				FAF717A1258EB2B0005F9242 /* EssentialFeed */,
				FAF717B9258EBEFF005F9242 /* EssentialFeedTests */,
				FA9ACE7825B5C86700532EAC /* EssentialFeedAPIEndToEndTests */,
				FA8EA92327033E85007920A9 /* EssentialFeedCacheIntegrationTests */,
				FAECF6132707F107009F4CF5 /* EssentialFeediOS */,
				FAECF61D2707F107009F4CF5 /* EssentialFeediOSTests */,
				FAF717A0258EB2B0005F9242 /* Products */,
				FA799483270AAA9800A7C870 /* Frameworks */,
			);
			sourceTree = "<group>";
		};
		FAF717A0258EB2B0005F9242 /* Products */ = {
			isa = PBXGroup;
			children = (
				FAF7179F258EB2B0005F9242 /* EssentialFeed.framework */,
				FAF717B8258EBEFF005F9242 /* EssentialFeedTests.xctest */,
				FA9ACE7725B5C86700532EAC /* EssentialFeedAPIEndToEndTests.xctest */,
				FA8EA92227033E85007920A9 /* EssentialFeedCacheIntegrationTests.xctest */,
				FAECF6122707F106009F4CF5 /* EssentialFeediOS.framework */,
				FAECF6192707F107009F4CF5 /* EssentialFeediOSTests.xctest */,
			);
			name = Products;
			sourceTree = "<group>";
		};
		FAF717A1258EB2B0005F9242 /* EssentialFeed */ = {
			isa = PBXGroup;
			children = (
				FAF717A3258EB2B0005F9242 /* Info.plist */,
				FAF717CB258FCD5C005F9242 /* Feed API */,
				FAB5703C25DEA25E002B1A28 /* Feed Cache */,
				FAF717B2258EB5A8005F9242 /* Feed Feature */,
			);
			path = EssentialFeed;
			sourceTree = "<group>";
		};
		FAF717B2258EB5A8005F9242 /* Feed Feature */ = {
			isa = PBXGroup;
			children = (
				FAF717AF258EB494005F9242 /* FeedLoader.swift */,
				FAF717AC258EB303005F9242 /* FeedImage.swift */,
			);
			path = "Feed Feature";
			sourceTree = "<group>";
		};
		FAF717B9258EBEFF005F9242 /* EssentialFeedTests */ = {
			isa = PBXGroup;
			children = (
				FAF717BC258EBEFF005F9242 /* Info.plist */,
				FAFBA51525996D8400CB25EA /* Feed API */,
				FA37B14B25DB72CF00E21A4A /* Feed Cache */,
				FA9ACE0E25A69FDC00532EAC /* Helpers */,
			);
			path = EssentialFeedTests;
			sourceTree = "<group>";
		};
		FAF717CB258FCD5C005F9242 /* Feed API */ = {
			isa = PBXGroup;
			children = (
				FA8684D02596F4B20097FBF8 /* FeedItemsMapper.swift */,
				FA1C53DD2596EF9800DC9E04 /* HTTPClient.swift */,
				FAB5704A25E32570002B1A28 /* RemoteFeedItem.swift */,
				FAF717CC258FCD8C005F9242 /* RemoteFeedLoader.swift */,
				FA9ACE4025AA6CF800532EAC /* URLSessionHTTPClient.swift */,
			);
			path = "Feed API";
			sourceTree = "<group>";
		};
		FAFBA51525996D8400CB25EA /* Feed API */ = {
			isa = PBXGroup;
			children = (
				FAF717C7258ED17D005F9242 /* LoadFeedFromRemoteUseCaseTests.swift */,
				FA9ACDF425A13ED700532EAC /* URLSessionHTTPClientTests.swift */,
			);
			path = "Feed API";
			sourceTree = "<group>";
		};
/* End PBXGroup section */

/* Begin PBXHeadersBuildPhase section */
		FAECF60D2707F106009F4CF5 /* Headers */ = {
			isa = PBXHeadersBuildPhase;
			buildActionMask = 2147483647;
			files = (
			);
			runOnlyForDeploymentPostprocessing = 0;
		};
		FAF7179A258EB2B0005F9242 /* Headers */ = {
			isa = PBXHeadersBuildPhase;
			buildActionMask = 2147483647;
			files = (
			);
			runOnlyForDeploymentPostprocessing = 0;
		};
/* End PBXHeadersBuildPhase section */

/* Begin PBXNativeTarget section */
		FA8EA92127033E85007920A9 /* EssentialFeedCacheIntegrationTests */ = {
			isa = PBXNativeTarget;
			buildConfigurationList = FA8EA92B27033E85007920A9 /* Build configuration list for PBXNativeTarget "EssentialFeedCacheIntegrationTests" */;
			buildPhases = (
				FA8EA91E27033E85007920A9 /* Sources */,
				FA8EA91F27033E85007920A9 /* Frameworks */,
				FA8EA92027033E85007920A9 /* Resources */,
			);
			buildRules = (
			);
			dependencies = (
				FA8EA92827033E85007920A9 /* PBXTargetDependency */,
			);
			name = EssentialFeedCacheIntegrationTests;
			productName = EssentialFeedCacheIntegrationTests;
			productReference = FA8EA92227033E85007920A9 /* EssentialFeedCacheIntegrationTests.xctest */;
			productType = "com.apple.product-type.bundle.unit-test";
		};
		FA9ACE7625B5C86700532EAC /* EssentialFeedAPIEndToEndTests */ = {
			isa = PBXNativeTarget;
			buildConfigurationList = FA9ACE8125B5C86700532EAC /* Build configuration list for PBXNativeTarget "EssentialFeedAPIEndToEndTests" */;
			buildPhases = (
				FA9ACE7325B5C86700532EAC /* Sources */,
				FA9ACE7425B5C86700532EAC /* Frameworks */,
				FA9ACE7525B5C86700532EAC /* Resources */,
			);
			buildRules = (
			);
			dependencies = (
				FA9ACE7E25B5C86700532EAC /* PBXTargetDependency */,
			);
			name = EssentialFeedAPIEndToEndTests;
			productName = EssentialFeedAPIEndToEndTests;
			productReference = FA9ACE7725B5C86700532EAC /* EssentialFeedAPIEndToEndTests.xctest */;
			productType = "com.apple.product-type.bundle.unit-test";
		};
		FAECF6112707F106009F4CF5 /* EssentialFeediOS */ = {
			isa = PBXNativeTarget;
			buildConfigurationList = FAECF6212707F107009F4CF5 /* Build configuration list for PBXNativeTarget "EssentialFeediOS" */;
			buildPhases = (
				FAECF60D2707F106009F4CF5 /* Headers */,
				FAECF60E2707F106009F4CF5 /* Sources */,
				FAECF60F2707F106009F4CF5 /* Frameworks */,
				FAECF6102707F106009F4CF5 /* Resources */,
				FA799488270AAA9800A7C870 /* Embed Frameworks */,
			);
			buildRules = (
			);
			dependencies = (
				FA799487270AAA9800A7C870 /* PBXTargetDependency */,
			);
			name = EssentialFeediOS;
			productName = EssentialFeediOS;
			productReference = FAECF6122707F106009F4CF5 /* EssentialFeediOS.framework */;
			productType = "com.apple.product-type.framework";
		};
		FAECF6182707F107009F4CF5 /* EssentialFeediOSTests */ = {
			isa = PBXNativeTarget;
			buildConfigurationList = FAECF6242707F107009F4CF5 /* Build configuration list for PBXNativeTarget "EssentialFeediOSTests" */;
			buildPhases = (
				FAECF6152707F107009F4CF5 /* Sources */,
				FAECF6162707F107009F4CF5 /* Frameworks */,
				FAECF6172707F107009F4CF5 /* Resources */,
			);
			buildRules = (
			);
			dependencies = (
				FAECF61C2707F107009F4CF5 /* PBXTargetDependency */,
			);
			name = EssentialFeediOSTests;
			productName = EssentialFeediOSTests;
			productReference = FAECF6192707F107009F4CF5 /* EssentialFeediOSTests.xctest */;
			productType = "com.apple.product-type.bundle.unit-test";
		};
		FAF7179E258EB2B0005F9242 /* EssentialFeed */ = {
			isa = PBXNativeTarget;
			buildConfigurationList = FAF717A7258EB2B0005F9242 /* Build configuration list for PBXNativeTarget "EssentialFeed" */;
			buildPhases = (
				FAF7179A258EB2B0005F9242 /* Headers */,
				FAF7179B258EB2B0005F9242 /* Sources */,
				FAF7179C258EB2B0005F9242 /* Frameworks */,
				FAF7179D258EB2B0005F9242 /* Resources */,
			);
			buildRules = (
			);
			dependencies = (
			);
			name = EssentialFeed;
			productName = EssentialFeed;
			productReference = FAF7179F258EB2B0005F9242 /* EssentialFeed.framework */;
			productType = "com.apple.product-type.framework";
		};
		FAF717B7258EBEFF005F9242 /* EssentialFeedTests */ = {
			isa = PBXNativeTarget;
			buildConfigurationList = FAF717C0258EBEFF005F9242 /* Build configuration list for PBXNativeTarget "EssentialFeedTests" */;
			buildPhases = (
				FAF717B4258EBEFF005F9242 /* Sources */,
				FAF717B5258EBEFF005F9242 /* Frameworks */,
				FAF717B6258EBEFF005F9242 /* Resources */,
			);
			buildRules = (
			);
			dependencies = (
				FAF717BF258EBEFF005F9242 /* PBXTargetDependency */,
			);
			name = EssentialFeedTests;
			productName = EssentialFeedTests;
			productReference = FAF717B8258EBEFF005F9242 /* EssentialFeedTests.xctest */;
			productType = "com.apple.product-type.bundle.unit-test";
		};
/* End PBXNativeTarget section */

/* Begin PBXProject section */
		FAF71796258EB2B0005F9242 /* Project object */ = {
			isa = PBXProject;
			attributes = {
				LastSwiftUpdateCheck = 1300;
				LastUpgradeCheck = 1220;
				TargetAttributes = {
					FA8EA92127033E85007920A9 = {
						CreatedOnToolsVersion = 13.0;
					};
					FA9ACE7625B5C86700532EAC = {
						CreatedOnToolsVersion = 12.3;
					};
					FAECF6112707F106009F4CF5 = {
						CreatedOnToolsVersion = 13.0;
						LastSwiftMigration = 1300;
					};
					FAECF6182707F107009F4CF5 = {
						CreatedOnToolsVersion = 13.0;
						LastSwiftMigration = 1300;
					};
					FAF7179E258EB2B0005F9242 = {
						CreatedOnToolsVersion = 12.2;
						LastSwiftMigration = 1220;
					};
					FAF717B7258EBEFF005F9242 = {
						CreatedOnToolsVersion = 12.2;
						LastSwiftMigration = 1220;
					};
				};
			};
			buildConfigurationList = FAF71799258EB2B0005F9242 /* Build configuration list for PBXProject "EssentialFeed" */;
			compatibilityVersion = "Xcode 9.3";
			developmentRegion = en;
			hasScannedForEncodings = 0;
			knownRegions = (
				en,
				Base,
			);
			mainGroup = FAF71795258EB2B0005F9242;
			productRefGroup = FAF717A0258EB2B0005F9242 /* Products */;
			projectDirPath = "";
			projectRoot = "";
			targets = (
				FAF7179E258EB2B0005F9242 /* EssentialFeed */,
				FAF717B7258EBEFF005F9242 /* EssentialFeedTests */,
				FA9ACE7625B5C86700532EAC /* EssentialFeedAPIEndToEndTests */,
				FA8EA92127033E85007920A9 /* EssentialFeedCacheIntegrationTests */,
				FAECF6112707F106009F4CF5 /* EssentialFeediOS */,
				FAECF6182707F107009F4CF5 /* EssentialFeediOSTests */,
			);
		};
/* End PBXProject section */

/* Begin PBXResourcesBuildPhase section */
		FA8EA92027033E85007920A9 /* Resources */ = {
			isa = PBXResourcesBuildPhase;
			buildActionMask = 2147483647;
			files = (
			);
			runOnlyForDeploymentPostprocessing = 0;
		};
		FA9ACE7525B5C86700532EAC /* Resources */ = {
			isa = PBXResourcesBuildPhase;
			buildActionMask = 2147483647;
			files = (
			);
			runOnlyForDeploymentPostprocessing = 0;
		};
		FAECF6102707F106009F4CF5 /* Resources */ = {
			isa = PBXResourcesBuildPhase;
			buildActionMask = 2147483647;
			files = (
			);
			runOnlyForDeploymentPostprocessing = 0;
		};
		FAECF6172707F107009F4CF5 /* Resources */ = {
			isa = PBXResourcesBuildPhase;
			buildActionMask = 2147483647;
			files = (
			);
			runOnlyForDeploymentPostprocessing = 0;
		};
		FAF7179D258EB2B0005F9242 /* Resources */ = {
			isa = PBXResourcesBuildPhase;
			buildActionMask = 2147483647;
			files = (
			);
			runOnlyForDeploymentPostprocessing = 0;
		};
		FAF717B6258EBEFF005F9242 /* Resources */ = {
			isa = PBXResourcesBuildPhase;
			buildActionMask = 2147483647;
			files = (
			);
			runOnlyForDeploymentPostprocessing = 0;
		};
/* End PBXResourcesBuildPhase section */

/* Begin PBXSourcesBuildPhase section */
		FA8EA91E27033E85007920A9 /* Sources */ = {
			isa = PBXSourcesBuildPhase;
			buildActionMask = 2147483647;
			files = (
				FAB6B1132704CD36009F2693 /* SharedTestHelpers.swift in Sources */,
				FA8EA92527033E85007920A9 /* EssentialFeedCacheIntegrationTests.swift in Sources */,
				FAB6B1122704CD1F009F2693 /* FeedCacheTestHelpers.swift in Sources */,
				FAD5411E2703EB6C00EA24CB /* XCTestsCase+MemoryLeakTracking.swift in Sources */,
			);
			runOnlyForDeploymentPostprocessing = 0;
		};
		FA9ACE7325B5C86700532EAC /* Sources */ = {
			isa = PBXSourcesBuildPhase;
			buildActionMask = 2147483647;
			files = (
				FA9ACE7A25B5C86700532EAC /* EssentialFeedAPIEndToEndTests.swift in Sources */,
				FAEBAF0525C056B90093916C /* XCTestsCase+MemoryLeakTracking.swift in Sources */,
			);
			runOnlyForDeploymentPostprocessing = 0;
		};
		FAECF60E2707F106009F4CF5 /* Sources */ = {
			isa = PBXSourcesBuildPhase;
			buildActionMask = 2147483647;
			files = (
				FA835EC927123CAD008FD29D /* UIView+Shimmering.swift in Sources */,
				FA5EE073270CED6600F10642 /* FeedViewController.swift in Sources */,
				FA9333FA271131FA003E2E8D /* FeedImageCell.swift in Sources */,
			);
			runOnlyForDeploymentPostprocessing = 0;
		};
		FAECF6152707F107009F4CF5 /* Sources */ = {
			isa = PBXSourcesBuildPhase;
			buildActionMask = 2147483647;
			files = (
				FA078B5E27095CB300A3FB5B /* FeedViewControllerTests.swift in Sources */,
				FA9120AB2713CCB2004CE09C /* UIRefreshControl+TestHelpers.swift in Sources */,
				FA799489270AAE1900A7C870 /* XCTestsCase+MemoryLeakTracking.swift in Sources */,
				FA9120A92713CBE2004CE09C /* UIImage+TestHelpers.swift in Sources */,
			);
			runOnlyForDeploymentPostprocessing = 0;
		};
		FAF7179B258EB2B0005F9242 /* Sources */ = {
			isa = PBXSourcesBuildPhase;
			buildActionMask = 2147483647;
			files = (
				FAF2E5562702B84700CCF882 /* CoreDataHelpers.swift in Sources */,
				FA8684D12596F4B20097FBF8 /* FeedItemsMapper.swift in Sources */,
				FAF717B0258EB494005F9242 /* FeedLoader.swift in Sources */,
				FAB5704B25E32570002B1A28 /* RemoteFeedItem.swift in Sources */,
				FA03198B26E31AB000AA5D9F /* FeedCachePolicy.swift in Sources */,
				FAF717CD258FCD8C005F9242 /* RemoteFeedLoader.swift in Sources */,
				FABBB1B52701502200BA4259 /* FeedStore.xcdatamodeld in Sources */,
				FAB5705325E325E7002B1A28 /* LocalFeedImage.swift in Sources */,
				FAB5704625DEA3AA002B1A28 /* FeedStore.swift in Sources */,
				FAB5703E25DEA293002B1A28 /* LocalFeedLoader.swift in Sources */,
				FA1C53DE2596EF9800DC9E04 /* HTTPClient.swift in Sources */,
				FAF717AD258EB303005F9242 /* FeedImage.swift in Sources */,
				FA9ACE4125AA6CF800532EAC /* URLSessionHTTPClient.swift in Sources */,
				FAF2E5582702B90F00CCF882 /* ManagedCache.swift in Sources */,
				FABBB1B227014CB800BA4259 /* CoreDataFeedStore.swift in Sources */,
				FAF2E55A2702B96A00CCF882 /* ManagedFeedImage.swift in Sources */,
			);
			runOnlyForDeploymentPostprocessing = 0;
		};
		FAF717B4258EBEFF005F9242 /* Sources */ = {
			isa = PBXSourcesBuildPhase;
			buildActionMask = 2147483647;
			files = (
				FA41FFE526DC32A700A8940A /* FeedCacheTestHelpers.swift in Sources */,
				FA9ACDF525A13ED700532EAC /* URLSessionHTTPClientTests.swift in Sources */,
				FA9ACE1025A6A02500532EAC /* XCTestsCase+MemoryLeakTracking.swift in Sources */,
				FA2B6D7226FD82C40056BB76 /* XCTestCase+FailableInsertFeedStoreSpecs.swift in Sources */,
				FAB5706725E3EE2C002B1A28 /* FeedStoreSpy.swift in Sources */,
				FA37B14D25DB733E00E21A4A /* CacheFeedUseCaseTests.swift in Sources */,
				FA41FFE726DC35A400A8940A /* SharedTestHelpers.swift in Sources */,
				FAB5706125E3643F002B1A28 /* LoadFeedFromCacheUseCaseTests.swift in Sources */,
				FA2B6D7426FD83C00056BB76 /* XCTestCase+FailableDeleteFeedStoreSpecs.swift in Sources */,
				FA2B6D7026FD81490056BB76 /* XCTestCase+FailableRetrieveFeedStoreSpecs.swift in Sources */,
				FA41FFE326DC14DA00A8940A /* ValidateFeedCacheUseCaseTest.swift in Sources */,
				FA2E625126FC181A00E0BF1A /* FeedStoreSpecs.swift in Sources */,
				FAF717C8258ED17D005F9242 /* LoadFeedFromRemoteUseCaseTests.swift in Sources */,
				FABBB1B027014AC500BA4259 /* CoreDataFeedStoreTests.swift in Sources */,
				FA2B6D6E26FD727E0056BB76 /* XCTestCase+FeedStoreSpecs.swift in Sources */,
			);
			runOnlyForDeploymentPostprocessing = 0;
		};
/* End PBXSourcesBuildPhase section */

/* Begin PBXTargetDependency section */
		FA799487270AAA9800A7C870 /* PBXTargetDependency */ = {
			isa = PBXTargetDependency;
			platformFilter = ios;
			target = FAF7179E258EB2B0005F9242 /* EssentialFeed */;
			targetProxy = FA799486270AAA9800A7C870 /* PBXContainerItemProxy */;
		};
		FA8EA92827033E85007920A9 /* PBXTargetDependency */ = {
			isa = PBXTargetDependency;
			target = FAF7179E258EB2B0005F9242 /* EssentialFeed */;
			targetProxy = FA8EA92727033E85007920A9 /* PBXContainerItemProxy */;
		};
		FA9ACE7E25B5C86700532EAC /* PBXTargetDependency */ = {
			isa = PBXTargetDependency;
			target = FAF7179E258EB2B0005F9242 /* EssentialFeed */;
			targetProxy = FA9ACE7D25B5C86700532EAC /* PBXContainerItemProxy */;
		};
		FAECF61C2707F107009F4CF5 /* PBXTargetDependency */ = {
			isa = PBXTargetDependency;
			target = FAECF6112707F106009F4CF5 /* EssentialFeediOS */;
			targetProxy = FAECF61B2707F107009F4CF5 /* PBXContainerItemProxy */;
		};
		FAF717BF258EBEFF005F9242 /* PBXTargetDependency */ = {
			isa = PBXTargetDependency;
			target = FAF7179E258EB2B0005F9242 /* EssentialFeed */;
			targetProxy = FAF717BE258EBEFF005F9242 /* PBXContainerItemProxy */;
		};
/* End PBXTargetDependency section */

/* Begin XCBuildConfiguration section */
		FA8EA92927033E85007920A9 /* Debug */ = {
			isa = XCBuildConfiguration;
			buildSettings = {
				CLANG_CXX_LANGUAGE_STANDARD = "gnu++17";
				CODE_SIGN_STYLE = Automatic;
				COMBINE_HIDPI_IMAGES = YES;
				CURRENT_PROJECT_VERSION = 1;
				GENERATE_INFOPLIST_FILE = YES;
				LD_RUNPATH_SEARCH_PATHS = (
					"$(inherited)",
					"@executable_path/../Frameworks",
					"@loader_path/../Frameworks",
				);
				MACOSX_DEPLOYMENT_TARGET = 11.3;
				MARKETING_VERSION = 1.0;
				PRODUCT_BUNDLE_IDENTIFIER = com.alextapia.EssentialFeedCacheIntegrationTests;
				PRODUCT_NAME = "$(TARGET_NAME)";
				SUPPORTED_PLATFORMS = "macosx iphonesimulator iphoneos";
				SWIFT_EMIT_LOC_STRINGS = NO;
				SWIFT_VERSION = 5.0;
			};
			name = Debug;
		};
		FA8EA92A27033E85007920A9 /* Release */ = {
			isa = XCBuildConfiguration;
			buildSettings = {
				CLANG_CXX_LANGUAGE_STANDARD = "gnu++17";
				CODE_SIGN_STYLE = Automatic;
				COMBINE_HIDPI_IMAGES = YES;
				CURRENT_PROJECT_VERSION = 1;
				GENERATE_INFOPLIST_FILE = YES;
				LD_RUNPATH_SEARCH_PATHS = (
					"$(inherited)",
					"@executable_path/../Frameworks",
					"@loader_path/../Frameworks",
				);
				MACOSX_DEPLOYMENT_TARGET = 11.3;
				MARKETING_VERSION = 1.0;
				PRODUCT_BUNDLE_IDENTIFIER = com.alextapia.EssentialFeedCacheIntegrationTests;
				PRODUCT_NAME = "$(TARGET_NAME)";
				SUPPORTED_PLATFORMS = "macosx iphonesimulator iphoneos";
				SWIFT_EMIT_LOC_STRINGS = NO;
				SWIFT_VERSION = 5.0;
			};
			name = Release;
		};
		FA9ACE7F25B5C86700532EAC /* Debug */ = {
			isa = XCBuildConfiguration;
			buildSettings = {
				CODE_SIGN_STYLE = Automatic;
				COMBINE_HIDPI_IMAGES = YES;
				INFOPLIST_FILE = EssentialFeedAPIEndToEndTests/Info.plist;
				LD_RUNPATH_SEARCH_PATHS = (
					"$(inherited)",
					"@executable_path/../Frameworks",
					"@loader_path/../Frameworks",
				);
				MACOSX_DEPLOYMENT_TARGET = 11.1;
				PRODUCT_BUNDLE_IDENTIFIER = com.alextapia.EssentialFeedAPIEndToEndTests;
				PRODUCT_NAME = "$(TARGET_NAME)";
				SUPPORTED_PLATFORMS = "macosx iphonesimulator iphoneos";
				SWIFT_VERSION = 5.0;
			};
			name = Debug;
		};
		FA9ACE8025B5C86700532EAC /* Release */ = {
			isa = XCBuildConfiguration;
			buildSettings = {
				CODE_SIGN_STYLE = Automatic;
				COMBINE_HIDPI_IMAGES = YES;
				INFOPLIST_FILE = EssentialFeedAPIEndToEndTests/Info.plist;
				LD_RUNPATH_SEARCH_PATHS = (
					"$(inherited)",
					"@executable_path/../Frameworks",
					"@loader_path/../Frameworks",
				);
				MACOSX_DEPLOYMENT_TARGET = 11.1;
				PRODUCT_BUNDLE_IDENTIFIER = com.alextapia.EssentialFeedAPIEndToEndTests;
				PRODUCT_NAME = "$(TARGET_NAME)";
				SUPPORTED_PLATFORMS = "macosx iphonesimulator iphoneos";
				SWIFT_VERSION = 5.0;
			};
			name = Release;
		};
		FAECF6222707F107009F4CF5 /* Debug */ = {
			isa = XCBuildConfiguration;
			buildSettings = {
				CLANG_CXX_LANGUAGE_STANDARD = "gnu++17";
				CLANG_ENABLE_MODULES = YES;
				CODE_SIGN_STYLE = Automatic;
				CURRENT_PROJECT_VERSION = 1;
				DEFINES_MODULE = YES;
				DYLIB_COMPATIBILITY_VERSION = 1;
				DYLIB_CURRENT_VERSION = 1;
				DYLIB_INSTALL_NAME_BASE = "@rpath";
				GENERATE_INFOPLIST_FILE = YES;
				INFOPLIST_KEY_NSHumanReadableCopyright = "";
				INSTALL_PATH = "$(LOCAL_LIBRARY_DIR)/Frameworks";
				IPHONEOS_DEPLOYMENT_TARGET = 14.5;
				LD_RUNPATH_SEARCH_PATHS = (
					"$(inherited)",
					"@executable_path/Frameworks",
					"@loader_path/Frameworks",
				);
				MARKETING_VERSION = 1.0;
				PRODUCT_BUNDLE_IDENTIFIER = com.alextapia.EssentialFeediOS;
				PRODUCT_NAME = "$(TARGET_NAME:c99extidentifier)";
				SDKROOT = iphoneos;
				SKIP_INSTALL = YES;
				SUPPORTS_MACCATALYST = NO;
				SWIFT_EMIT_LOC_STRINGS = YES;
				SWIFT_OPTIMIZATION_LEVEL = "-Onone";
				SWIFT_VERSION = 5.0;
				TARGETED_DEVICE_FAMILY = "1,2";
			};
			name = Debug;
		};
		FAECF6232707F107009F4CF5 /* Release */ = {
			isa = XCBuildConfiguration;
			buildSettings = {
				CLANG_CXX_LANGUAGE_STANDARD = "gnu++17";
				CLANG_ENABLE_MODULES = YES;
				CODE_SIGN_STYLE = Automatic;
				CURRENT_PROJECT_VERSION = 1;
				DEFINES_MODULE = YES;
				DYLIB_COMPATIBILITY_VERSION = 1;
				DYLIB_CURRENT_VERSION = 1;
				DYLIB_INSTALL_NAME_BASE = "@rpath";
				GENERATE_INFOPLIST_FILE = YES;
				INFOPLIST_KEY_NSHumanReadableCopyright = "";
				INSTALL_PATH = "$(LOCAL_LIBRARY_DIR)/Frameworks";
				IPHONEOS_DEPLOYMENT_TARGET = 14.5;
				LD_RUNPATH_SEARCH_PATHS = (
					"$(inherited)",
					"@executable_path/Frameworks",
					"@loader_path/Frameworks",
				);
				MARKETING_VERSION = 1.0;
				PRODUCT_BUNDLE_IDENTIFIER = com.alextapia.EssentialFeediOS;
				PRODUCT_NAME = "$(TARGET_NAME:c99extidentifier)";
				SDKROOT = iphoneos;
				SKIP_INSTALL = YES;
				SUPPORTS_MACCATALYST = NO;
				SWIFT_EMIT_LOC_STRINGS = YES;
				SWIFT_VERSION = 5.0;
				TARGETED_DEVICE_FAMILY = "1,2";
				VALIDATE_PRODUCT = YES;
			};
			name = Release;
		};
		FAECF6252707F107009F4CF5 /* Debug */ = {
			isa = XCBuildConfiguration;
			buildSettings = {
				ALWAYS_EMBED_SWIFT_STANDARD_LIBRARIES = YES;
				CLANG_CXX_LANGUAGE_STANDARD = "gnu++17";
				CLANG_ENABLE_MODULES = YES;
				CODE_SIGN_STYLE = Automatic;
				CURRENT_PROJECT_VERSION = 1;
				GENERATE_INFOPLIST_FILE = YES;
				IPHONEOS_DEPLOYMENT_TARGET = 15.0;
				LD_RUNPATH_SEARCH_PATHS = (
					"$(inherited)",
					"@executable_path/Frameworks",
					"@loader_path/Frameworks",
				);
				MARKETING_VERSION = 1.0;
				PRODUCT_BUNDLE_IDENTIFIER = com.alextapia.EssentialFeediOSTests;
				PRODUCT_NAME = "$(TARGET_NAME)";
				SDKROOT = iphoneos;
				SWIFT_EMIT_LOC_STRINGS = NO;
				SWIFT_OPTIMIZATION_LEVEL = "-Onone";
				SWIFT_VERSION = 5.0;
				TARGETED_DEVICE_FAMILY = "1,2";
			};
			name = Debug;
		};
		FAECF6262707F107009F4CF5 /* Release */ = {
			isa = XCBuildConfiguration;
			buildSettings = {
				ALWAYS_EMBED_SWIFT_STANDARD_LIBRARIES = YES;
				CLANG_CXX_LANGUAGE_STANDARD = "gnu++17";
				CLANG_ENABLE_MODULES = YES;
				CODE_SIGN_STYLE = Automatic;
				CURRENT_PROJECT_VERSION = 1;
				GENERATE_INFOPLIST_FILE = YES;
				IPHONEOS_DEPLOYMENT_TARGET = 15.0;
				LD_RUNPATH_SEARCH_PATHS = (
					"$(inherited)",
					"@executable_path/Frameworks",
					"@loader_path/Frameworks",
				);
				MARKETING_VERSION = 1.0;
				PRODUCT_BUNDLE_IDENTIFIER = com.alextapia.EssentialFeediOSTests;
				PRODUCT_NAME = "$(TARGET_NAME)";
				SDKROOT = iphoneos;
				SWIFT_EMIT_LOC_STRINGS = NO;
				SWIFT_VERSION = 5.0;
				TARGETED_DEVICE_FAMILY = "1,2";
				VALIDATE_PRODUCT = YES;
			};
			name = Release;
		};
		FAF717A5258EB2B0005F9242 /* Debug */ = {
			isa = XCBuildConfiguration;
			buildSettings = {
				ALWAYS_SEARCH_USER_PATHS = NO;
				CLANG_ANALYZER_NONNULL = YES;
				CLANG_ANALYZER_NUMBER_OBJECT_CONVERSION = YES_AGGRESSIVE;
				CLANG_CXX_LANGUAGE_STANDARD = "gnu++14";
				CLANG_CXX_LIBRARY = "libc++";
				CLANG_ENABLE_MODULES = YES;
				CLANG_ENABLE_OBJC_ARC = YES;
				CLANG_ENABLE_OBJC_WEAK = YES;
				CLANG_WARN_BLOCK_CAPTURE_AUTORELEASING = YES;
				CLANG_WARN_BOOL_CONVERSION = YES;
				CLANG_WARN_COMMA = YES;
				CLANG_WARN_CONSTANT_CONVERSION = YES;
				CLANG_WARN_DEPRECATED_OBJC_IMPLEMENTATIONS = YES;
				CLANG_WARN_DIRECT_OBJC_ISA_USAGE = YES_ERROR;
				CLANG_WARN_DOCUMENTATION_COMMENTS = YES;
				CLANG_WARN_EMPTY_BODY = YES;
				CLANG_WARN_ENUM_CONVERSION = YES;
				CLANG_WARN_INFINITE_RECURSION = YES;
				CLANG_WARN_INT_CONVERSION = YES;
				CLANG_WARN_NON_LITERAL_NULL_CONVERSION = YES;
				CLANG_WARN_OBJC_IMPLICIT_RETAIN_SELF = YES;
				CLANG_WARN_OBJC_LITERAL_CONVERSION = YES;
				CLANG_WARN_OBJC_ROOT_CLASS = YES_ERROR;
				CLANG_WARN_QUOTED_INCLUDE_IN_FRAMEWORK_HEADER = YES;
				CLANG_WARN_RANGE_LOOP_ANALYSIS = YES;
				CLANG_WARN_STRICT_PROTOTYPES = YES;
				CLANG_WARN_SUSPICIOUS_MOVE = YES;
				CLANG_WARN_UNGUARDED_AVAILABILITY = YES_AGGRESSIVE;
				CLANG_WARN_UNREACHABLE_CODE = YES;
				CLANG_WARN__DUPLICATE_METHOD_MATCH = YES;
				COPY_PHASE_STRIP = NO;
				CURRENT_PROJECT_VERSION = 1;
				DEBUG_INFORMATION_FORMAT = dwarf;
				ENABLE_STRICT_OBJC_MSGSEND = YES;
				ENABLE_TESTABILITY = YES;
				GCC_C_LANGUAGE_STANDARD = gnu11;
				GCC_DYNAMIC_NO_PIC = NO;
				GCC_NO_COMMON_BLOCKS = YES;
				GCC_OPTIMIZATION_LEVEL = 0;
				GCC_PREPROCESSOR_DEFINITIONS = (
					"DEBUG=1",
					"$(inherited)",
				);
				GCC_WARN_64_TO_32_BIT_CONVERSION = YES;
				GCC_WARN_ABOUT_RETURN_TYPE = YES_ERROR;
				GCC_WARN_UNDECLARED_SELECTOR = YES;
				GCC_WARN_UNINITIALIZED_AUTOS = YES_AGGRESSIVE;
				GCC_WARN_UNUSED_FUNCTION = YES;
				GCC_WARN_UNUSED_VARIABLE = YES;
				IPHONEOS_DEPLOYMENT_TARGET = 14.5;
				MACOSX_DEPLOYMENT_TARGET = 11.0;
				MTL_ENABLE_DEBUG_INFO = INCLUDE_SOURCE;
				MTL_FAST_MATH = YES;
				ONLY_ACTIVE_ARCH = YES;
				SDKROOT = macosx;
				SWIFT_ACTIVE_COMPILATION_CONDITIONS = DEBUG;
				SWIFT_OPTIMIZATION_LEVEL = "-Onone";
				VERSIONING_SYSTEM = "apple-generic";
				VERSION_INFO_PREFIX = "";
			};
			name = Debug;
		};
		FAF717A6258EB2B0005F9242 /* Release */ = {
			isa = XCBuildConfiguration;
			buildSettings = {
				ALWAYS_SEARCH_USER_PATHS = NO;
				CLANG_ANALYZER_NONNULL = YES;
				CLANG_ANALYZER_NUMBER_OBJECT_CONVERSION = YES_AGGRESSIVE;
				CLANG_CXX_LANGUAGE_STANDARD = "gnu++14";
				CLANG_CXX_LIBRARY = "libc++";
				CLANG_ENABLE_MODULES = YES;
				CLANG_ENABLE_OBJC_ARC = YES;
				CLANG_ENABLE_OBJC_WEAK = YES;
				CLANG_WARN_BLOCK_CAPTURE_AUTORELEASING = YES;
				CLANG_WARN_BOOL_CONVERSION = YES;
				CLANG_WARN_COMMA = YES;
				CLANG_WARN_CONSTANT_CONVERSION = YES;
				CLANG_WARN_DEPRECATED_OBJC_IMPLEMENTATIONS = YES;
				CLANG_WARN_DIRECT_OBJC_ISA_USAGE = YES_ERROR;
				CLANG_WARN_DOCUMENTATION_COMMENTS = YES;
				CLANG_WARN_EMPTY_BODY = YES;
				CLANG_WARN_ENUM_CONVERSION = YES;
				CLANG_WARN_INFINITE_RECURSION = YES;
				CLANG_WARN_INT_CONVERSION = YES;
				CLANG_WARN_NON_LITERAL_NULL_CONVERSION = YES;
				CLANG_WARN_OBJC_IMPLICIT_RETAIN_SELF = YES;
				CLANG_WARN_OBJC_LITERAL_CONVERSION = YES;
				CLANG_WARN_OBJC_ROOT_CLASS = YES_ERROR;
				CLANG_WARN_QUOTED_INCLUDE_IN_FRAMEWORK_HEADER = YES;
				CLANG_WARN_RANGE_LOOP_ANALYSIS = YES;
				CLANG_WARN_STRICT_PROTOTYPES = YES;
				CLANG_WARN_SUSPICIOUS_MOVE = YES;
				CLANG_WARN_UNGUARDED_AVAILABILITY = YES_AGGRESSIVE;
				CLANG_WARN_UNREACHABLE_CODE = YES;
				CLANG_WARN__DUPLICATE_METHOD_MATCH = YES;
				COPY_PHASE_STRIP = NO;
				CURRENT_PROJECT_VERSION = 1;
				DEBUG_INFORMATION_FORMAT = "dwarf-with-dsym";
				ENABLE_NS_ASSERTIONS = NO;
				ENABLE_STRICT_OBJC_MSGSEND = YES;
				GCC_C_LANGUAGE_STANDARD = gnu11;
				GCC_NO_COMMON_BLOCKS = YES;
				GCC_WARN_64_TO_32_BIT_CONVERSION = YES;
				GCC_WARN_ABOUT_RETURN_TYPE = YES_ERROR;
				GCC_WARN_UNDECLARED_SELECTOR = YES;
				GCC_WARN_UNINITIALIZED_AUTOS = YES_AGGRESSIVE;
				GCC_WARN_UNUSED_FUNCTION = YES;
				GCC_WARN_UNUSED_VARIABLE = YES;
				IPHONEOS_DEPLOYMENT_TARGET = 14.5;
				MACOSX_DEPLOYMENT_TARGET = 11.0;
				MTL_ENABLE_DEBUG_INFO = NO;
				MTL_FAST_MATH = YES;
				SDKROOT = macosx;
				SWIFT_COMPILATION_MODE = wholemodule;
				SWIFT_OPTIMIZATION_LEVEL = "-O";
				VERSIONING_SYSTEM = "apple-generic";
				VERSION_INFO_PREFIX = "";
			};
			name = Release;
		};
		FAF717A8258EB2B0005F9242 /* Debug */ = {
			isa = XCBuildConfiguration;
			buildSettings = {
				CLANG_ENABLE_MODULES = YES;
				CODE_SIGN_STYLE = Automatic;
				COMBINE_HIDPI_IMAGES = YES;
				DEFINES_MODULE = YES;
				DYLIB_COMPATIBILITY_VERSION = 1;
				DYLIB_CURRENT_VERSION = 1;
				DYLIB_INSTALL_NAME_BASE = "@rpath";
				INFOPLIST_FILE = EssentialFeed/Info.plist;
				INSTALL_PATH = "$(LOCAL_LIBRARY_DIR)/Frameworks";
				LD_RUNPATH_SEARCH_PATHS = (
					"$(inherited)",
					"@executable_path/../Frameworks",
					"@loader_path/Frameworks",
				);
				PRODUCT_BUNDLE_IDENTIFIER = com.alextapia.EssentialFeed;
				PRODUCT_NAME = "$(TARGET_NAME:c99extidentifier)";
				SKIP_INSTALL = YES;
				SUPPORTED_PLATFORMS = "macosx iphonesimulator iphoneos";
				SWIFT_OPTIMIZATION_LEVEL = "-Onone";
				SWIFT_VERSION = 5.0;
			};
			name = Debug;
		};
		FAF717A9258EB2B0005F9242 /* Release */ = {
			isa = XCBuildConfiguration;
			buildSettings = {
				CLANG_ENABLE_MODULES = YES;
				CODE_SIGN_STYLE = Automatic;
				COMBINE_HIDPI_IMAGES = YES;
				DEFINES_MODULE = YES;
				DYLIB_COMPATIBILITY_VERSION = 1;
				DYLIB_CURRENT_VERSION = 1;
				DYLIB_INSTALL_NAME_BASE = "@rpath";
				INFOPLIST_FILE = EssentialFeed/Info.plist;
				INSTALL_PATH = "$(LOCAL_LIBRARY_DIR)/Frameworks";
				LD_RUNPATH_SEARCH_PATHS = (
					"$(inherited)",
					"@executable_path/../Frameworks",
					"@loader_path/Frameworks",
				);
				PRODUCT_BUNDLE_IDENTIFIER = com.alextapia.EssentialFeed;
				PRODUCT_NAME = "$(TARGET_NAME:c99extidentifier)";
				SKIP_INSTALL = YES;
				SUPPORTED_PLATFORMS = "macosx iphonesimulator iphoneos";
				SWIFT_VERSION = 5.0;
			};
			name = Release;
		};
		FAF717C1258EBEFF005F9242 /* Debug */ = {
			isa = XCBuildConfiguration;
			buildSettings = {
				CLANG_ENABLE_MODULES = YES;
				CODE_SIGN_STYLE = Automatic;
				COMBINE_HIDPI_IMAGES = YES;
				INFOPLIST_FILE = EssentialFeedTests/Info.plist;
				LD_RUNPATH_SEARCH_PATHS = (
					"$(inherited)",
					"@executable_path/../Frameworks",
					"@loader_path/../Frameworks",
				);
				PRODUCT_BUNDLE_IDENTIFIER = com.alextapia.EssentialFeedTests;
				PRODUCT_NAME = "$(TARGET_NAME)";
				SUPPORTED_PLATFORMS = "macosx iphonesimulator iphoneos";
				SWIFT_OPTIMIZATION_LEVEL = "-Onone";
				SWIFT_VERSION = 5.0;
			};
			name = Debug;
		};
		FAF717C2258EBEFF005F9242 /* Release */ = {
			isa = XCBuildConfiguration;
			buildSettings = {
				CLANG_ENABLE_MODULES = YES;
				CODE_SIGN_STYLE = Automatic;
				COMBINE_HIDPI_IMAGES = YES;
				INFOPLIST_FILE = EssentialFeedTests/Info.plist;
				LD_RUNPATH_SEARCH_PATHS = (
					"$(inherited)",
					"@executable_path/../Frameworks",
					"@loader_path/../Frameworks",
				);
				PRODUCT_BUNDLE_IDENTIFIER = com.alextapia.EssentialFeedTests;
				PRODUCT_NAME = "$(TARGET_NAME)";
				SUPPORTED_PLATFORMS = "macosx iphonesimulator iphoneos";
				SWIFT_VERSION = 5.0;
			};
			name = Release;
		};
/* End XCBuildConfiguration section */

/* Begin XCConfigurationList section */
		FA8EA92B27033E85007920A9 /* Build configuration list for PBXNativeTarget "EssentialFeedCacheIntegrationTests" */ = {
			isa = XCConfigurationList;
			buildConfigurations = (
				FA8EA92927033E85007920A9 /* Debug */,
				FA8EA92A27033E85007920A9 /* Release */,
			);
			defaultConfigurationIsVisible = 0;
			defaultConfigurationName = Release;
		};
		FA9ACE8125B5C86700532EAC /* Build configuration list for PBXNativeTarget "EssentialFeedAPIEndToEndTests" */ = {
			isa = XCConfigurationList;
			buildConfigurations = (
				FA9ACE7F25B5C86700532EAC /* Debug */,
				FA9ACE8025B5C86700532EAC /* Release */,
			);
			defaultConfigurationIsVisible = 0;
			defaultConfigurationName = Release;
		};
		FAECF6212707F107009F4CF5 /* Build configuration list for PBXNativeTarget "EssentialFeediOS" */ = {
			isa = XCConfigurationList;
			buildConfigurations = (
				FAECF6222707F107009F4CF5 /* Debug */,
				FAECF6232707F107009F4CF5 /* Release */,
			);
			defaultConfigurationIsVisible = 0;
			defaultConfigurationName = Release;
		};
		FAECF6242707F107009F4CF5 /* Build configuration list for PBXNativeTarget "EssentialFeediOSTests" */ = {
			isa = XCConfigurationList;
			buildConfigurations = (
				FAECF6252707F107009F4CF5 /* Debug */,
				FAECF6262707F107009F4CF5 /* Release */,
			);
			defaultConfigurationIsVisible = 0;
			defaultConfigurationName = Release;
		};
		FAF71799258EB2B0005F9242 /* Build configuration list for PBXProject "EssentialFeed" */ = {
			isa = XCConfigurationList;
			buildConfigurations = (
				FAF717A5258EB2B0005F9242 /* Debug */,
				FAF717A6258EB2B0005F9242 /* Release */,
			);
			defaultConfigurationIsVisible = 0;
			defaultConfigurationName = Release;
		};
		FAF717A7258EB2B0005F9242 /* Build configuration list for PBXNativeTarget "EssentialFeed" */ = {
			isa = XCConfigurationList;
			buildConfigurations = (
				FAF717A8258EB2B0005F9242 /* Debug */,
				FAF717A9258EB2B0005F9242 /* Release */,
			);
			defaultConfigurationIsVisible = 0;
			defaultConfigurationName = Release;
		};
		FAF717C0258EBEFF005F9242 /* Build configuration list for PBXNativeTarget "EssentialFeedTests" */ = {
			isa = XCConfigurationList;
			buildConfigurations = (
				FAF717C1258EBEFF005F9242 /* Debug */,
				FAF717C2258EBEFF005F9242 /* Release */,
			);
			defaultConfigurationIsVisible = 0;
			defaultConfigurationName = Release;
		};
/* End XCConfigurationList section */

/* Begin XCVersionGroup section */
		FABBB1B32701502200BA4259 /* FeedStore.xcdatamodeld */ = {
			isa = XCVersionGroup;
			children = (
				FABBB1B42701502200BA4259 /* FeedStore.xcdatamodel */,
			);
			currentVersion = FABBB1B42701502200BA4259 /* FeedStore.xcdatamodel */;
			path = FeedStore.xcdatamodeld;
			sourceTree = "<group>";
			versionGroupType = wrapper.xcdatamodel;
		};
/* End XCVersionGroup section */
	};
	rootObject = FAF71796258EB2B0005F9242 /* Project object */;
}
